
Microsoft Visual Studio Solution File, Format Version 12.00
# Visual Studio Version 16
VisualStudioVersion = 16.0.31005.135
MinimumVisualStudioVersion = 10.0.40219.1
Project("{9A19103F-16F7-4668-BE54-9A1E7A4F7556}") = "TelerikWpfApp2", "TelerikWpfApp2\TelerikWpfApp2.csproj", "{77AB219D-CC09-44DD-AF99-3C3D25554BFD}"
EndProject
Project("{2150E333-8FDC-42A3-9474-1A3956D46DE8}") = "Framework", "Framework", "{C85C7035-24CD-4FA0-A73B-796D3A7B858B}"
EndProject
Project("{9A19103F-16F7-4668-BE54-9A1E7A4F7556}") = "FW.Common", "FW.Common\FW.Common.csproj", "{B90A1801-4F42-40C3-850B-B209B2F1E513}"
EndProject
Project("{9A19103F-16F7-4668-BE54-9A1E7A4F7556}") = "FW.Application", "FW.Application\FW.Application.csproj", "{DD0BE43C-5D77-4220-BF7E-1B556778820E}"
EndProject
Project("{2150E333-8FDC-42A3-9474-1A3956D46DE8}") = "Data", "Data", "{437090EF-C9C8-4930-A345-50F84CCD2DC6}"
EndProject
Project("{FAE04EC0-301F-11D3-BF4B-00C04F79EFBC}") = "DB.Data", "DB.Data\DB.Data.csproj", "{E268D8D1-6204-44B6-8113-89580860A1A3}"
EndProject
Project("{FAE04EC0-301F-11D3-BF4B-00C04F79EFBC}") = "DB.Model", "DB.Model\DB.Model.csproj", "{76CF2382-0E95-4547-AE39-B916D373D856}"
EndProject
Global
	GlobalSection(SolutionConfigurationPlatforms) = preSolution
		Debug|Any CPU = Debug|Any CPU
		Debug45|Any CPU = Debug45|Any CPU
		Debug461|Any CPU = Debug461|Any CPU
		Release|Any CPU = Release|Any CPU
		Release45|Any CPU = Release45|Any CPU
		Release461|Any CPU = Release461|Any CPU
	EndGlobalSection
	GlobalSection(ProjectConfigurationPlatforms) = postSolution
		{77AB219D-CC09-44DD-AF99-3C3D25554BFD}.Debug|Any CPU.ActiveCfg = Debug|Any CPU
		{77AB219D-CC09-44DD-AF99-3C3D25554BFD}.Debug|Any CPU.Build.0 = Debug|Any CPU
		{77AB219D-CC09-44DD-AF99-3C3D25554BFD}.Debug45|Any CPU.ActiveCfg = Debug|Any CPU
		{77AB219D-CC09-44DD-AF99-3C3D25554BFD}.Debug45|Any CPU.Build.0 = Debug|Any CPU
		{77AB219D-CC09-44DD-AF99-3C3D25554BFD}.Debug461|Any CPU.ActiveCfg = Debug|Any CPU
		{77AB219D-CC09-44DD-AF99-3C3D25554BFD}.Debug461|Any CPU.Build.0 = Debug|Any CPU
		{77AB219D-CC09-44DD-AF99-3C3D25554BFD}.Release|Any CPU.ActiveCfg = Release|Any CPU
		{77AB219D-CC09-44DD-AF99-3C3D25554BFD}.Release|Any CPU.Build.0 = Release|Any CPU
		{77AB219D-CC09-44DD-AF99-3C3D25554BFD}.Release45|Any CPU.ActiveCfg = Release|Any CPU
		{77AB219D-CC09-44DD-AF99-3C3D25554BFD}.Release45|Any CPU.Build.0 = Release|Any CPU
		{77AB219D-CC09-44DD-AF99-3C3D25554BFD}.Release461|Any CPU.ActiveCfg = Release|Any CPU
		{77AB219D-CC09-44DD-AF99-3C3D25554BFD}.Release461|Any CPU.Build.0 = Release|Any CPU
		{B90A1801-4F42-40C3-850B-B209B2F1E513}.Debug|Any CPU.ActiveCfg = Debug|Any CPU
		{B90A1801-4F42-40C3-850B-B209B2F1E513}.Debug|Any CPU.Build.0 = Debug|Any CPU
		{B90A1801-4F42-40C3-850B-B209B2F1E513}.Debug45|Any CPU.ActiveCfg = Debug|Any CPU
		{B90A1801-4F42-40C3-850B-B209B2F1E513}.Debug45|Any CPU.Build.0 = Debug|Any CPU
		{B90A1801-4F42-40C3-850B-B209B2F1E513}.Debug461|Any CPU.ActiveCfg = Debug|Any CPU
		{B90A1801-4F42-40C3-850B-B209B2F1E513}.Debug461|Any CPU.Build.0 = Debug|Any CPU
		{B90A1801-4F42-40C3-850B-B209B2F1E513}.Release|Any CPU.ActiveCfg = Release|Any CPU
		{B90A1801-4F42-40C3-850B-B209B2F1E513}.Release|Any CPU.Build.0 = Release|Any CPU
		{B90A1801-4F42-40C3-850B-B209B2F1E513}.Release45|Any CPU.ActiveCfg = Release|Any CPU
		{B90A1801-4F42-40C3-850B-B209B2F1E513}.Release45|Any CPU.Build.0 = Release|Any CPU
		{B90A1801-4F42-40C3-850B-B209B2F1E513}.Release461|Any CPU.ActiveCfg = Release|Any CPU
		{B90A1801-4F42-40C3-850B-B209B2F1E513}.Release461|Any CPU.Build.0 = Release|Any CPU
		{DD0BE43C-5D77-4220-BF7E-1B556778820E}.Debug|Any CPU.ActiveCfg = Debug|Any CPU
		{DD0BE43C-5D77-4220-BF7E-1B556778820E}.Debug|Any CPU.Build.0 = Debug|Any CPU
		{DD0BE43C-5D77-4220-BF7E-1B556778820E}.Debug45|Any CPU.ActiveCfg = Debug|Any CPU
		{DD0BE43C-5D77-4220-BF7E-1B556778820E}.Debug45|Any CPU.Build.0 = Debug|Any CPU
		{DD0BE43C-5D77-4220-BF7E-1B556778820E}.Debug461|Any CPU.ActiveCfg = Debug|Any CPU
		{DD0BE43C-5D77-4220-BF7E-1B556778820E}.Debug461|Any CPU.Build.0 = Debug|Any CPU
		{DD0BE43C-5D77-4220-BF7E-1B556778820E}.Release|Any CPU.ActiveCfg = Release|Any CPU
		{DD0BE43C-5D77-4220-BF7E-1B556778820E}.Release|Any CPU.Build.0 = Release|Any CPU
		{DD0BE43C-5D77-4220-BF7E-1B556778820E}.Release45|Any CPU.ActiveCfg = Release|Any CPU
		{DD0BE43C-5D77-4220-BF7E-1B556778820E}.Release45|Any CPU.Build.0 = Release|Any CPU
		{DD0BE43C-5D77-4220-BF7E-1B556778820E}.Release461|Any CPU.ActiveCfg = Release|Any CPU
		{DD0BE43C-5D77-4220-BF7E-1B556778820E}.Release461|Any CPU.Build.0 = Release|Any CPU
		{E268D8D1-6204-44B6-8113-89580860A1A3}.Debug|Any CPU.ActiveCfg = Debug|Any CPU
		{E268D8D1-6204-44B6-8113-89580860A1A3}.Debug|Any CPU.Build.0 = Debug|Any CPU
		{E268D8D1-6204-44B6-8113-89580860A1A3}.Debug45|Any CPU.ActiveCfg = Debug|Any CPU
		{E268D8D1-6204-44B6-8113-89580860A1A3}.Debug45|Any CPU.Build.0 = Debug|Any CPU
		{E268D8D1-6204-44B6-8113-89580860A1A3}.Debug461|Any CPU.ActiveCfg = Debug|Any CPU
		{E268D8D1-6204-44B6-8113-89580860A1A3}.Debug461|Any CPU.Build.0 = Debug|Any CPU
		{E268D8D1-6204-44B6-8113-89580860A1A3}.Release|Any CPU.ActiveCfg = Release|Any CPU
		{E268D8D1-6204-44B6-8113-89580860A1A3}.Release|Any CPU.Build.0 = Release|Any CPU
		{E268D8D1-6204-44B6-8113-89580860A1A3}.Release45|Any CPU.ActiveCfg = Release|Any CPU
		{E268D8D1-6204-44B6-8113-89580860A1A3}.Release45|Any CPU.Build.0 = Release|Any CPU
		{E268D8D1-6204-44B6-8113-89580860A1A3}.Release461|Any CPU.ActiveCfg = Release|Any CPU
		{E268D8D1-6204-44B6-8113-89580860A1A3}.Release461|Any CPU.Build.0 = Release|Any CPU
		{76CF2382-0E95-4547-AE39-B916D373D856}.Debug|Any CPU.ActiveCfg = Debug|Any CPU
		{76CF2382-0E95-4547-AE39-B916D373D856}.Debug|Any CPU.Build.0 = Debug|Any CPU
		{76CF2382-0E95-4547-AE39-B916D373D856}.Debug45|Any CPU.ActiveCfg = Debug|Any CPU
		{76CF2382-0E95-4547-AE39-B916D373D856}.Debug45|Any CPU.Build.0 = Debug|Any CPU
		{76CF2382-0E95-4547-AE39-B916D373D856}.Debug461|Any CPU.ActiveCfg = Debug|Any CPU
		{76CF2382-0E95-4547-AE39-B916D373D856}.Debug461|Any CPU.Build.0 = Debug|Any CPU
		{76CF2382-0E95-4547-AE39-B916D373D856}.Release|Any CPU.ActiveCfg = Release|Any CPU
		{76CF2382-0E95-4547-AE39-B916D373D856}.Release|Any CPU.Build.0 = Release|Any CPU
		{76CF2382-0E95-4547-AE39-B916D373D856}.Release45|Any CPU.ActiveCfg = Release|Any CPU
		{76CF2382-0E95-4547-AE39-B916D373D856}.Release45|Any CPU.Build.0 = Release|Any CPU
		{76CF2382-0E95-4547-AE39-B916D373D856}.Release461|Any CPU.ActiveCfg = Release|Any CPU
		{76CF2382-0E95-4547-AE39-B916D373D856}.Release461|Any CPU.Build.0 = Release|Any CPU
	EndGlobalSection
	GlobalSection(SolutionProperties) = preSolution
		HideSolutionNode = FALSE
	EndGlobalSection
	GlobalSection(NestedProjects) = preSolution
		{B90A1801-4F42-40C3-850B-B209B2F1E513} = {C85C7035-24CD-4FA0-A73B-796D3A7B858B}
		{DD0BE43C-5D77-4220-BF7E-1B556778820E} = {C85C7035-24CD-4FA0-A73B-796D3A7B858B}
		{E268D8D1-6204-44B6-8113-89580860A1A3} = {437090EF-C9C8-4930-A345-50F84CCD2DC6}
		{76CF2382-0E95-4547-AE39-B916D373D856} = {437090EF-C9C8-4930-A345-50F84CCD2DC6}
	EndGlobalSection
	GlobalSection(ExtensibilityGlobals) = postSolution
		SolutionGuid = {3C0A78CD-626A-4B0E-A01A-A68ADEFC7A2E}
	EndGlobalSection
EndGlobal
